# This file is automatically @generated by Cargo.
# It is not intended for manual editing.
[[package]]
name = "EARTH"
version = "0.1.0"
dependencies = [
 "chain 0.1.0",
 "commands 0.1.0",
 "util 0.1.0",
]

[[package]]
name = "chain"
version = "0.1.0"

[[package]]
name = "commands"
version = "0.1.0"

[[package]]
name = "util"
version = "0.1.0"

